
Microsoft Visual Studio Solution File, Format Version 12.00
# Visual Studio Version 17
VisualStudioVersion = 17.9.34728.123
MinimumVisualStudioVersion = 10.0.40219.1
Project("{FAE04EC0-301F-11D3-BF4B-00C04F79EFBC}") = "BancoVVBA", "BancoVVBA\BancoVVBA.csproj", "{488DF75E-13E9-4D7F-ACE7-E70BA15AB077}"
EndProject
Global
	GlobalSection(SolutionConfigurationPlatforms) = preSolution
		Debug|Any CPU = Debug|Any CPU
		Release|Any CPU = Release|Any CPU
	EndGlobalSection
	GlobalSection(ProjectConfigurationPlatforms) = postSolution
		{488DF75E-13E9-4D7F-ACE7-E70BA15AB077}.Debug|Any CPU.ActiveCfg = Debug|Any CPU
		{488DF75E-13E9-4D7F-ACE7-E70BA15AB077}.Debug|Any CPU.Build.0 = Debug|Any CPU
		{488DF75E-13E9-4D7F-ACE7-E70BA15AB077}.Release|Any CPU.ActiveCfg = Release|Any CPU
		{488DF75E-13E9-4D7F-ACE7-E70BA15AB077}.Release|Any CPU.Build.0 = Release|Any CPU
	EndGlobalSection
	GlobalSection(SolutionProperties) = preSolution
		HideSolutionNode = FALSE
	EndGlobalSection
	GlobalSection(ExtensibilityGlobals) = postSolution
		SolutionGuid = {4350F7AF-73B8-41A1-BD82-D367DC074EBE}
	EndGlobalSection
EndGlobal
